// !$*UTF8*$!
{
	archiveVersion = 1;
	classes = {
	};
	objectVersion = 77;
	objects = {

/* Begin PBXContainerItemProxy section */
		29B175092E5CE64A00F4B917 /* PBXContainerItemProxy */ = {
			isa = PBXContainerItemProxy;
			containerPortal = 29B174F22E5CE64900F4B917 /* Project object */;
			proxyType = 1;
			remoteGlobalIDString = 29B174F92E5CE64900F4B917;
			remoteInfo = DesignCompanionApp;
		};
		29B175132E5CE64A00F4B917 /* PBXContainerItemProxy */ = {
			isa = PBXContainerItemProxy;
			containerPortal = 29B174F22E5CE64900F4B917 /* Project object */;
			proxyType = 1;
			remoteGlobalIDString = 29B174F92E5CE64900F4B917;
			remoteInfo = DesignCompanionApp;
		};
/* End PBXContainerItemProxy section */

/* Begin PBXFileReference section */
		29B174FA2E5CE64900F4B917 /* DesignCompanionApp.app */ = {isa = PBXFileReference; explicitFileType = wrapper.application; includeInIndex = 0; path = DesignCompanionApp.app; sourceTree = BUILT_PRODUCTS_DIR; };
		29B175082E5CE64A00F4B917 /* DesignCompanionAppTests.xctest */ = {isa = PBXFileReference; explicitFileType = wrapper.cfbundle; includeInIndex = 0; path = DesignCompanionAppTests.xctest; sourceTree = BUILT_PRODUCTS_DIR; };
		29B175122E5CE64A00F4B917 /* DesignCompanionAppUITests.xctest */ = {isa = PBXFileReference; explicitFileType = wrapper.cfbundle; includeInIndex = 0; path = DesignCompanionAppUITests.xctest; sourceTree = BUILT_PRODUCTS_DIR; };
/* End PBXFileReference section */

/* Begin PBXFileSystemSynchronizedRootGroup section */
		29B174FC2E5CE64900F4B917 /* DesignCompanionApp */ = {
			isa = PBXFileSystemSynchronizedRootGroup;
			path = DesignCompanionApp;
			sourceTree = "<group>";
		};
		29B1750B2E5CE64A00F4B917 /* DesignCompanionAppTests */ = {
			isa = PBXFileSystemSynchronizedRootGroup;
			path = DesignCompanionAppTests;
			sourceTree = "<group>";
		};
		29B175152E5CE64A00F4B917 /* DesignCompanionAppUITests */ = {
			isa = PBXFileSystemSynchronizedRootGroup;
			path = DesignCompanionAppUITests;
			sourceTree = "<group>";
		};
/* End PBXFileSystemSynchronizedRootGroup section */

/* Begin PBXFrameworksBuildPhase section */
		29B174F72E5CE64900F4B917 /* Frameworks */ = {
			isa = PBXFrameworksBuildPhase;
			buildActionMask = 2147483647;
			files = (
			);
			runOnlyForDeploymentPostprocessing = 0;
		};
		29B175052E5CE64A00F4B917 /* Frameworks */ = {
			isa = PBXFrameworksBuildPhase;
			buildActionMask = 2147483647;
			files = (
			);
			runOnlyForDeploymentPostprocessing = 0;
		};
		29B1750F2E5CE64A00F4B917 /* Frameworks */ = {
			isa = PBXFrameworksBuildPhase;
			buildActionMask = 2147483647;
			files = (
			);
			runOnlyForDeploymentPostprocessing = 0;
		};
/* End PBXFrameworksBuildPhase section */

/* Begin PBXGroup section */
		29B174F12E5CE64900F4B917 = {
			isa = PBXGroup;
			children = (
				29B174FC2E5CE64900F4B917 /* DesignCompanionApp */,
				29B1750B2E5CE64A00F4B917 /* DesignCompanionAppTests */,
				29B175152E5CE64A00F4B917 /* DesignCompanionAppUITests */,
				29B174FB2E5CE64900F4B917 /* Products */,
			);
			sourceTree = "<group>";
		};
		29B174FB2E5CE64900F4B917 /* Products */ = {
			isa = PBXGroup;
			children = (
				29B174FA2E5CE64900F4B917 /* DesignCompanionApp.app */,
				29B175082E5CE64A00F4B917 /* DesignCompanionAppTests.xctest */,
				29B175122E5CE64A00F4B917 /* DesignCompanionAppUITests.xctest */,
			);
			name = Products;
			sourceTree = "<group>";
		};
/* End PBXGroup section */

/* Begin PBXNativeTarget section */
		29B174F92E5CE64900F4B917 /* DesignCompanionApp */ = {
			isa = PBXNativeTarget;
			buildConfigurationList = 29B1751C2E5CE64A00F4B917 /* Build configuration list for PBXNativeTarget "DesignCompanionApp" */;
			buildPhases = (
				29B174F62E5CE64900F4B917 /* Sources */,
				29B174F72E5CE64900F4B917 /* Frameworks */,
				29B174F82E5CE64900F4B917 /* Resources */,
			);
			buildRules = (
			);
			dependencies = (
			);
			fileSystemSynchronizedGroups = (
				29B174FC2E5CE64900F4B917 /* DesignCompanionApp */,
			);
			name = DesignCompanionApp;
			packageProductDependencies = (
			);
			productName = DesignCompanionApp;
			productReference = 29B174FA2E5CE64900F4B917 /* DesignCompanionApp.app */;
			productType = "com.apple.product-type.application";
		};
		29B175072E5CE64A00F4B917 /* DesignCompanionAppTests */ = {
			isa = PBXNativeTarget;
			buildConfigurationList = 29B1751F2E5CE64A00F4B917 /* Build configuration list for PBXNativeTarget "DesignCompanionAppTests" */;
			buildPhases = (
				29B175042E5CE64A00F4B917 /* Sources */,
				29B175052E5CE64A00F4B917 /* Frameworks */,
				29B175062E5CE64A00F4B917 /* Resources */,
			);
			buildRules = (
			);
			dependencies = (
				29B1750A2E5CE64A00F4B917 /* PBXTargetDependency */,
			);
			fileSystemSynchronizedGroups = (
				29B1750B2E5CE64A00F4B917 /* DesignCompanionAppTests */,
			);
			name = DesignCompanionAppTests;
			packageProductDependencies = (
			);
			productName = DesignCompanionAppTests;
			productReference = 29B175082E5CE64A00F4B917 /* DesignCompanionAppTests.xctest */;
			productType = "com.apple.product-type.bundle.unit-test";
		};
		29B175112E5CE64A00F4B917 /* DesignCompanionAppUITests */ = {
			isa = PBXNativeTarget;
			buildConfigurationList = 29B175222E5CE64A00F4B917 /* Build configuration list for PBXNativeTarget "DesignCompanionAppUITests" */;
			buildPhases = (
				29B1750E2E5CE64A00F4B917 /* Sources */,
				29B1750F2E5CE64A00F4B917 /* Frameworks */,
				29B175102E5CE64A00F4B917 /* Resources */,
			);
			buildRules = (
			);
			dependencies = (
				29B175142E5CE64A00F4B917 /* PBXTargetDependency */,
			);
			fileSystemSynchronizedGroups = (
				29B175152E5CE64A00F4B917 /* DesignCompanionAppUITests */,
			);
			name = DesignCompanionAppUITests;
			packageProductDependencies = (
			);
			productName = DesignCompanionAppUITests;
			productReference = 29B175122E5CE64A00F4B917 /* DesignCompanionAppUITests.xctest */;
			productType = "com.apple.product-type.bundle.ui-testing";
		};
/* End PBXNativeTarget section */

/* Begin PBXProject section */
		29B174F22E5CE64900F4B917 /* Project object */ = {
			isa = PBXProject;
			attributes = {
				BuildIndependentTargetsInParallel = 1;
				LastSwiftUpdateCheck = 1640;
				LastUpgradeCheck = 1640;
				TargetAttributes = {
					29B174F92E5CE64900F4B917 = {
						CreatedOnToolsVersion = 16.4;
					};
					29B175072E5CE64A00F4B917 = {
						CreatedOnToolsVersion = 16.4;
						TestTargetID = 29B174F92E5CE64900F4B917;
					};
					29B175112E5CE64A00F4B917 = {
						CreatedOnToolsVersion = 16.4;
						TestTargetID = 29B174F92E5CE64900F4B917;
					};
				};
			};
			buildConfigurationList = 29B174F52E5CE64900F4B917 /* Build configuration list for PBXProject "DesignCompanionApp" */;
			developmentRegion = en;
			hasScannedForEncodings = 0;
			knownRegions = (
				en,
				Base,
			);
			mainGroup = 29B174F12E5CE64900F4B917;
			minimizedProjectReferenceProxies = 1;
			packageReferences = (
				29B175252E5CE75200F4B917 /* XCRemoteSwiftPackageReference "OpenAI" */,
				29B175262E5CE88100F4B917 /* XCRemoteSwiftPackageReference "firebase-ios-sdk" */,
			);
			preferredProjectObjectVersion = 77;
			productRefGroup = 29B174FB2E5CE64900F4B917 /* Products */;
			projectDirPath = "";
			projectRoot = "";
			targets = (
				29B174F92E5CE64900F4B917 /* DesignCompanionApp */,
				29B175072E5CE64A00F4B917 /* DesignCompanionAppTests */,
				29B175112E5CE64A00F4B917 /* DesignCompanionAppUITests */,
			);
		};
/* End PBXProject section */

/* Begin PBXResourcesBuildPhase section */
		29B174F82E5CE64900F4B917 /* Resources */ = {
			isa = PBXResourcesBuildPhase;
			buildActionMask = 2147483647;
			files = (
			);
			runOnlyForDeploymentPostprocessing = 0;
		};
		29B175062E5CE64A00F4B917 /* Resources */ = {
			isa = PBXResourcesBuildPhase;
			buildActionMask = 2147483647;
			files = (
			);
			runOnlyForDeploymentPostprocessing = 0;
		};
		29B175102E5CE64A00F4B917 /* Resources */ = {
			isa = PBXResourcesBuildPhase;
			buildActionMask = 2147483647;
			files = (
			);
			runOnlyForDeploymentPostprocessing = 0;
		};
/* End PBXResourcesBuildPhase section */

/* Begin PBXSourcesBuildPhase section */
		29B174F62E5CE64900F4B917 /* Sources */ = {
			isa = PBXSourcesBuildPhase;
			buildActionMask = 2147483647;
			files = (
			);
			runOnlyForDeploymentPostprocessing = 0;
		};
		29B175042E5CE64A00F4B917 /* Sources */ = {
			isa = PBXSourcesBuildPhase;
			buildActionMask = 2147483647;
			files = (
			);
			runOnlyForDeploymentPostprocessing = 0;
		};
		29B1750E2E5CE64A00F4B917 /* Sources */ = {
			isa = PBXSourcesBuildPhase;
			buildActionMask = 2147483647;
			files = (
			);
			runOnlyForDeploymentPostprocessing = 0;
		};
/* End PBXSourcesBuildPhase section */

/* Begin PBXTargetDependency section */
		29B1750A2E5CE64A00F4B917 /* PBXTargetDependency */ = {
			isa = PBXTargetDependency;
			target = 29B174F92E5CE64900F4B917 /* DesignCompanionApp */;
			targetProxy = 29B175092E5CE64A00F4B917 /* PBXContainerItemProxy */;
		};
		29B175142E5CE64A00F4B917 /* PBXTargetDependency */ = {
			isa = PBXTargetDependency;
			target = 29B174F92E5CE64900F4B917 /* DesignCompanionApp */;
			targetProxy = 29B175132E5CE64A00F4B917 /* PBXContainerItemProxy */;
		};
/* End PBXTargetDependency section */

/* Begin XCBuildConfiguration section */
		29B1751A2E5CE64A00F4B917 /* Debug */ = {
			isa = XCBuildConfiguration;
			buildSettings = {
				ALWAYS_SEARCH_USER_PATHS = NO;
				ASSETCATALOG_COMPILER_GENERATE_SWIFT_ASSET_SYMBOL_EXTENSIONS = YES;
				CLANG_ANALYZER_NONNULL = YES;
				CLANG_ANALYZER_NUMBER_OBJECT_CONVERSION = YES_AGGRESSIVE;
				CLANG_CXX_LANGUAGE_STANDARD = "gnu++20";
				CLANG_ENABLE_MODULES = YES;
				CLANG_ENABLE_OBJC_ARC = YES;
				CLANG_ENABLE_OBJC_WEAK = YES;
				CLANG_WARN_BLOCK_CAPTURE_AUTORELEASING = YES;
				CLANG_WARN_BOOL_CONVERSION = YES;
				CLANG_WARN_COMMA = YES;
				CLANG_WARN_CONSTANT_CONVERSION = YES;
				CLANG_WARN_DEPRECATED_OBJC_IMPLEMENTATIONS = YES;
				CLANG_WARN_DIRECT_OBJC_ISA_USAGE = YES_ERROR;
				CLANG_WARN_DOCUMENTATION_COMMENTS = YES;
				CLANG_WARN_EMPTY_BODY = YES;
				CLANG_WARN_ENUM_CONVERSION = YES;
				CLANG_WARN_INFINITE_RECURSION = YES;
				CLANG_WARN_INT_CONVERSION = YES;
				CLANG_WARN_NON_LITERAL_NULL_CONVERSION = YES;
				CLANG_WARN_OBJC_IMPLICIT_RETAIN_SELF = YES;
				CLANG_WARN_OBJC_LITERAL_CONVERSION = YES;
				CLANG_WARN_OBJC_ROOT_CLASS = YES_ERROR;
				CLANG_WARN_QUOTED_INCLUDE_IN_FRAMEWORK_HEADER = YES;
				CLANG_WARN_RANGE_LOOP_ANALYSIS = YES;
				CLANG_WARN_STRICT_PROTOTYPES = YES;
				CLANG_WARN_SUSPICIOUS_MOVE = YES;
				CLANG_WARN_UNGUARDED_AVAILABILITY = YES_AGGRESSIVE;
				CLANG_WARN_UNREACHABLE_CODE = YES;
				CLANG_WARN__DUPLICATE_METHOD_MATCH = YES;
				COPY_PHASE_STRIP = NO;
				DEBUG_INFORMATION_FORMAT = dwarf;
				ENABLE_STRICT_OBJC_MSGSEND = YES;
				ENABLE_TESTABILITY = YES;
				ENABLE_USER_SCRIPT_SANDBOXING = YES;
				GCC_C_LANGUAGE_STANDARD = gnu17;
				GCC_DYNAMIC_NO_PIC = NO;
				GCC_NO_COMMON_BLOCKS = YES;
				GCC_OPTIMIZATION_LEVEL = 0;
				GCC_PREPROCESSOR_DEFINITIONS = (
					"DEBUG=1",
					"$(inherited)",
				);
				GCC_WARN_64_TO_32_BIT_CONVERSION = YES;
				GCC_WARN_ABOUT_RETURN_TYPE = YES_ERROR;
				GCC_WARN_UNDECLARED_SELECTOR = YES;
				GCC_WARN_UNINITIALIZED_AUTOS = YES_AGGRESSIVE;
				GCC_WARN_UNUSED_FUNCTION = YES;
				GCC_WARN_UNUSED_VARIABLE = YES;
				LOCALIZATION_PREFERS_STRING_CATALOGS = YES;
				MTL_ENABLE_DEBUG_INFO = INCLUDE_SOURCE;
				MTL_FAST_MATH = YES;
				ONLY_ACTIVE_ARCH = YES;
				SWIFT_ACTIVE_COMPILATION_CONDITIONS = "DEBUG $(inherited)";
				SWIFT_OPTIMIZATION_LEVEL = "-Onone";
			};
			name = Debug;
		};
		29B1751B2E5CE64A00F4B917 /* Release */ = {
			isa = XCBuildConfiguration;
			buildSettings = {
				ALWAYS_SEARCH_USER_PATHS = NO;
				ASSETCATALOG_COMPILER_GENERATE_SWIFT_ASSET_SYMBOL_EXTENSIONS = YES;
				CLANG_ANALYZER_NONNULL = YES;
				CLANG_ANALYZER_NUMBER_OBJECT_CONVERSION = YES_AGGRESSIVE;
				CLANG_CXX_LANGUAGE_STANDARD = "gnu++20";
				CLANG_ENABLE_MODULES = YES;
				CLANG_ENABLE_OBJC_ARC = YES;
				CLANG_ENABLE_OBJC_WEAK = YES;
				CLANG_WARN_BLOCK_CAPTURE_AUTORELEASING = YES;
				CLANG_WARN_BOOL_CONVERSION = YES;
				CLANG_WARN_COMMA = YES;
				CLANG_WARN_CONSTANT_CONVERSION = YES;
				CLANG_WARN_DEPRECATED_OBJC_IMPLEMENTATIONS = YES;
				CLANG_WARN_DIRECT_OBJC_ISA_USAGE = YES_ERROR;
				CLANG_WARN_DOCUMENTATION_COMMENTS = YES;
				CLANG_WARN_EMPTY_BODY = YES;
				CLANG_WARN_ENUM_CONVERSION = YES;
				CLANG_WARN_INFINITE_RECURSION = YES;
				CLANG_WARN_INT_CONVERSION = YES;
				CLANG_WARN_NON_LITERAL_NULL_CONVERSION = YES;
				CLANG_WARN_OBJC_IMPLICIT_RETAIN_SELF = YES;
				CLANG_WARN_OBJC_LITERAL_CONVERSION = YES;
				CLANG_WARN_OBJC_ROOT_CLASS = YES_ERROR;
				CLANG_WARN_QUOTED_INCLUDE_IN_FRAMEWORK_HEADER = YES;
				CLANG_WARN_RANGE_LOOP_ANALYSIS = YES;
				CLANG_WARN_STRICT_PROTOTYPES = YES;
				CLANG_WARN_SUSPICIOUS_MOVE = YES;
				CLANG_WARN_UNGUARDED_AVAILABILITY = YES_AGGRESSIVE;
				CLANG_WARN_UNREACHABLE_CODE = YES;
				CLANG_WARN__DUPLICATE_METHOD_MATCH = YES;
				COPY_PHASE_STRIP = NO;
				DEBUG_INFORMATION_FORMAT = "dwarf-with-dsym";
				ENABLE_NS_ASSERTIONS = NO;
				ENABLE_STRICT_OBJC_MSGSEND = YES;
				ENABLE_USER_SCRIPT_SANDBOXING = YES;
				GCC_C_LANGUAGE_STANDARD = gnu17;
				GCC_NO_COMMON_BLOCKS = YES;
				GCC_WARN_64_TO_32_BIT_CONVERSION = YES;
				GCC_WARN_ABOUT_RETURN_TYPE = YES_ERROR;
				GCC_WARN_UNDECLARED_SELECTOR = YES;
				GCC_WARN_UNINITIALIZED_AUTOS = YES_AGGRESSIVE;
				GCC_WARN_UNUSED_FUNCTION = YES;
				GCC_WARN_UNUSED_VARIABLE = YES;
				LOCALIZATION_PREFERS_STRING_CATALOGS = YES;
				MTL_ENABLE_DEBUG_INFO = NO;
				MTL_FAST_MATH = YES;
				SWIFT_COMPILATION_MODE = wholemodule;
			};
			name = Release;
		};
		29B1751D2E5CE64A00F4B917 /* Debug */ = {
			isa = XCBuildConfiguration;
			buildSettings = {
				ASSETCATALOG_COMPILER_APPICON_NAME = AppIcon;
				ASSETCATALOG_COMPILER_GLOBAL_ACCENT_COLOR_NAME = AccentColor;
				CODE_SIGN_ENTITLEMENTS = DesignCompanionApp/DesignCompanionApp.entitlements;
				CODE_SIGN_STYLE = Automatic;
				CURRENT_PROJECT_VERSION = 1;
				DEVELOPMENT_TEAM = 949H8VB7MF;
				ENABLE_PREVIEWS = YES;
				GENERATE_INFOPLIST_FILE = YES;
				INFOPLIST_KEY_LSApplicationCategoryType = "public.app-category.utilities";
				INFOPLIST_KEY_NSCameraUsageDescription = "This app uses the camera to scan rooms for interior design";
				INFOPLIST_KEY_NSLocationWhenInUseUsageDescription = "This app uses location for room context";
				INFOPLIST_KEY_NSPhotoLibraryAddUsageDescription = "This app needs permission to save your generated interior designs to your photo library";
				INFOPLIST_KEY_NSPhotoLibraryUsageDescription = "This app needs access to your photo library to save your generated interior designs to Photos";
				"INFOPLIST_KEY_UIApplicationSceneManifest_Generation[sdk=iphoneos*]" = YES;
				"INFOPLIST_KEY_UIApplicationSceneManifest_Generation[sdk=iphonesimulator*]" = YES;
				"INFOPLIST_KEY_UIApplicationSupportsIndirectInputEvents[sdk=iphoneos*]" = YES;
				"INFOPLIST_KEY_UIApplicationSupportsIndirectInputEvents[sdk=iphonesimulator*]" = YES;
				"INFOPLIST_KEY_UILaunchScreen_Generation[sdk=iphoneos*]" = YES;
				"INFOPLIST_KEY_UILaunchScreen_Generation[sdk=iphonesimulator*]" = YES;
				"INFOPLIST_KEY_UIStatusBarStyle[sdk=iphoneos*]" = UIStatusBarStyleDefault;
				"INFOPLIST_KEY_UIStatusBarStyle[sdk=iphonesimulator*]" = UIStatusBarStyleDefault;
				INFOPLIST_KEY_UISupportedInterfaceOrientations_iPad = "UIInterfaceOrientationPortrait UIInterfaceOrientationPortraitUpsideDown UIInterfaceOrientationLandscapeLeft UIInterfaceOrientationLandscapeRight";
				INFOPLIST_KEY_UISupportedInterfaceOrientations_iPhone = "UIInterfaceOrientationPortrait UIInterfaceOrientationLandscapeLeft UIInterfaceOrientationLandscapeRight";
				IPHONEOS_DEPLOYMENT_TARGET = 16.0;
				LD_RUNPATH_SEARCH_PATHS = "@executable_path/Frameworks";
				"LD_RUNPATH_SEARCH_PATHS[sdk=macosx*]" = "@executable_path/../Frameworks";
				MACOSX_DEPLOYMENT_TARGET = 15.5;
				MARKETING_VERSION = 1.0;
				PRODUCT_BUNDLE_IDENTIFIER = chapter.DesignCompanionApp;
				PRODUCT_NAME = "$(TARGET_NAME)";
				REGISTER_APP_GROUPS = YES;
				SDKROOT = auto;
				SUPPORTED_PLATFORMS = "iphoneos iphonesimulator macosx xros xrsimulator";
				SWIFT_EMIT_LOC_STRINGS = YES;
				SWIFT_VERSION = 5.0;
				TARGETED_DEVICE_FAMILY = "1,2,7";
				XROS_DEPLOYMENT_TARGET = 2.5;
			};
			name = Debug;
		};
		29B1751E2E5CE64A00F4B917 /* Release */ = {
			isa = XCBuildConfiguration;
			buildSettings = {
				ASSETCATALOG_COMPILER_APPICON_NAME = AppIcon;
				ASSETCATALOG_COMPILER_GLOBAL_ACCENT_COLOR_NAME = AccentColor;
				CODE_SIGN_ENTITLEMENTS = DesignCompanionApp/DesignCompanionApp.entitlements;
				CODE_SIGN_STYLE = Automatic;
				CURRENT_PROJECT_VERSION = 1;
				DEVELOPMENT_TEAM = 949H8VB7MF;
				ENABLE_PREVIEWS = YES;
				GENERATE_INFOPLIST_FILE = YES;
				INFOPLIST_KEY_LSApplicationCategoryType = "public.app-category.utilities";
				INFOPLIST_KEY_NSCameraUsageDescription = "This app uses the camera to scan rooms for interior design";
				INFOPLIST_KEY_NSLocationWhenInUseUsageDescription = "This app uses location for room context";
				INFOPLIST_KEY_NSPhotoLibraryAddUsageDescription = "This app needs permission to save your generated interior designs to your photo library";
				INFOPLIST_KEY_NSPhotoLibraryUsageDescription = "This app needs access to your photo library to save your generated interior designs to Photos";
				"INFOPLIST_KEY_UIApplicationSceneManifest_Generation[sdk=iphoneos*]" = YES;
				"INFOPLIST_KEY_UIApplicationSceneManifest_Generation[sdk=iphonesimulator*]" = YES;
				"INFOPLIST_KEY_UIApplicationSupportsIndirectInputEvents[sdk=iphoneos*]" = YES;
				"INFOPLIST_KEY_UIApplicationSupportsIndirectInputEvents[sdk=iphonesimulator*]" = YES;
				"INFOPLIST_KEY_UILaunchScreen_Generation[sdk=iphoneos*]" = YES;
				"INFOPLIST_KEY_UILaunchScreen_Generation[sdk=iphonesimulator*]" = YES;
				"INFOPLIST_KEY_UIStatusBarStyle[sdk=iphoneos*]" = UIStatusBarStyleDefault;
				"INFOPLIST_KEY_UIStatusBarStyle[sdk=iphonesimulator*]" = UIStatusBarStyleDefault;
				INFOPLIST_KEY_UISupportedInterfaceOrientations_iPad = "UIInterfaceOrientationPortrait UIInterfaceOrientationPortraitUpsideDown UIInterfaceOrientationLandscapeLeft UIInterfaceOrientationLandscapeRight";
				INFOPLIST_KEY_UISupportedInterfaceOrientations_iPhone = "UIInterfaceOrientationPortrait UIInterfaceOrientationLandscapeLeft UIInterfaceOrientationLandscapeRight";
				IPHONEOS_DEPLOYMENT_TARGET = 16.0;
				LD_RUNPATH_SEARCH_PATHS = "@executable_path/Frameworks";
				"LD_RUNPATH_SEARCH_PATHS[sdk=macosx*]" = "@executable_path/../Frameworks";
				MACOSX_DEPLOYMENT_TARGET = 15.5;
				MARKETING_VERSION = 1.0;
				PRODUCT_BUNDLE_IDENTIFIER = chapter.DesignCompanionApp;
				PRODUCT_NAME = "$(TARGET_NAME)";
				REGISTER_APP_GROUPS = YES;
				SDKROOT = auto;
				SUPPORTED_PLATFORMS = "iphoneos iphonesimulator macosx xros xrsimulator";
				SWIFT_EMIT_LOC_STRINGS = YES;
				SWIFT_VERSION = 5.0;
				TARGETED_DEVICE_FAMILY = "1,2,7";
				XROS_DEPLOYMENT_TARGET = 2.5;
			};
			name = Release;
		};
		29B175202E5CE64A00F4B917 /* Debug */ = {
			isa = XCBuildConfiguration;
			buildSettings = {
				BUNDLE_LOADER = "$(TEST_HOST)";
				CODE_SIGN_STYLE = Automatic;
				CURRENT_PROJECT_VERSION = 1;
				GENERATE_INFOPLIST_FILE = YES;
				IPHONEOS_DEPLOYMENT_TARGET = 16.0;
				MACOSX_DEPLOYMENT_TARGET = 15.5;
				MARKETING_VERSION = 1.0;
				PRODUCT_BUNDLE_IDENTIFIER = chapter.DesignCompanionAppTests;
				PRODUCT_NAME = "$(TARGET_NAME)";
				SDKROOT = auto;
				SUPPORTED_PLATFORMS = "iphoneos iphonesimulator macosx xros xrsimulator";
				SWIFT_EMIT_LOC_STRINGS = NO;
				SWIFT_VERSION = 5.0;
				TARGETED_DEVICE_FAMILY = "1,2,7";
				TEST_HOST = "$(BUILT_PRODUCTS_DIR)/DesignCompanionApp.app/$(BUNDLE_EXECUTABLE_FOLDER_PATH)/DesignCompanionApp";
				XROS_DEPLOYMENT_TARGET = 2.5;
			};
			name = Debug;
		};
		29B175212E5CE64A00F4B917 /* Release */ = {
			isa = XCBuildConfiguration;
			buildSettings = {
				BUNDLE_LOADER = "$(TEST_HOST)";
				CODE_SIGN_STYLE = Automatic;
				CURRENT_PROJECT_VERSION = 1;
				GENERATE_INFOPLIST_FILE = YES;
				IPHONEOS_DEPLOYMENT_TARGET = 16.0;
				MACOSX_DEPLOYMENT_TARGET = 15.5;
				MARKETING_VERSION = 1.0;
				PRODUCT_BUNDLE_IDENTIFIER = chapter.DesignCompanionAppTests;
				PRODUCT_NAME = "$(TARGET_NAME)";
				SDKROOT = auto;
				SUPPORTED_PLATFORMS = "iphoneos iphonesimulator macosx xros xrsimulator";
				SWIFT_EMIT_LOC_STRINGS = NO;
				SWIFT_VERSION = 5.0;
				TARGETED_DEVICE_FAMILY = "1,2,7";
				TEST_HOST = "$(BUILT_PRODUCTS_DIR)/DesignCompanionApp.app/$(BUNDLE_EXECUTABLE_FOLDER_PATH)/DesignCompanionApp";
				XROS_DEPLOYMENT_TARGET = 2.5;
			};
			name = Release;
		};
		29B175232E5CE64A00F4B917 /* Debug */ = {
			isa = XCBuildConfiguration;
			buildSettings = {
				CODE_SIGN_STYLE = Automatic;
				CURRENT_PROJECT_VERSION = 1;
				GENERATE_INFOPLIST_FILE = YES;
				IPHONEOS_DEPLOYMENT_TARGET = 16.0;
				MACOSX_DEPLOYMENT_TARGET = 15.5;
				MARKETING_VERSION = 1.0;
				PRODUCT_BUNDLE_IDENTIFIER = chapter.DesignCompanionAppUITests;
				PRODUCT_NAME = "$(TARGET_NAME)";
				SDKROOT = auto;
				SUPPORTED_PLATFORMS = "iphoneos iphonesimulator macosx xros xrsimulator";
				SWIFT_EMIT_LOC_STRINGS = NO;
				SWIFT_VERSION = 5.0;
				TARGETED_DEVICE_FAMILY = "1,2,7";
				TEST_TARGET_NAME = DesignCompanionApp;
				XROS_DEPLOYMENT_TARGET = 2.5;
			};
			name = Debug;
		};
		29B175242E5CE64A00F4B917 /* Release */ = {
			isa = XCBuildConfiguration;
			buildSettings = {
				CODE_SIGN_STYLE = Automatic;
				CURRENT_PROJECT_VERSION = 1;
				GENERATE_INFOPLIST_FILE = YES;
				IPHONEOS_DEPLOYMENT_TARGET = 16.0;
				MACOSX_DEPLOYMENT_TARGET = 15.5;
				MARKETING_VERSION = 1.0;
				PRODUCT_BUNDLE_IDENTIFIER = chapter.DesignCompanionAppUITests;
				PRODUCT_NAME = "$(TARGET_NAME)";
				SDKROOT = auto;
				SUPPORTED_PLATFORMS = "iphoneos iphonesimulator macosx xros xrsimulator";
				SWIFT_EMIT_LOC_STRINGS = NO;
				SWIFT_VERSION = 5.0;
				TARGETED_DEVICE_FAMILY = "1,2,7";
				TEST_TARGET_NAME = DesignCompanionApp;
				XROS_DEPLOYMENT_TARGET = 2.5;
			};
			name = Release;
		};
/* End XCBuildConfiguration section */

/* Begin XCConfigurationList section */
		29B174F52E5CE64900F4B917 /* Build configuration list for PBXProject "DesignCompanionApp" */ = {
			isa = XCConfigurationList;
			buildConfigurations = (
				29B1751A2E5CE64A00F4B917 /* Debug */,
				29B1751B2E5CE64A00F4B917 /* Release */,
			);
			defaultConfigurationIsVisible = 0;
			defaultConfigurationName = Release;
		};
		29B1751C2E5CE64A00F4B917 /* Build configuration list for PBXNativeTarget "DesignCompanionApp" */ = {
			isa = XCConfigurationList;
			buildConfigurations = (
				29B1751D2E5CE64A00F4B917 /* Debug */,
				29B1751E2E5CE64A00F4B917 /* Release */,
			);
			defaultConfigurationIsVisible = 0;
			defaultConfigurationName = Release;
		};
		29B1751F2E5CE64A00F4B917 /* Build configuration list for PBXNativeTarget "DesignCompanionAppTests" */ = {
			isa = XCConfigurationList;
			buildConfigurations = (
				29B175202E5CE64A00F4B917 /* Debug */,
				29B175212E5CE64A00F4B917 /* Release */,
			);
			defaultConfigurationIsVisible = 0;
			defaultConfigurationName = Release;
		};
		29B175222E5CE64A00F4B917 /* Build configuration list for PBXNativeTarget "DesignCompanionAppUITests" */ = {
			isa = XCConfigurationList;
			buildConfigurations = (
				29B175232E5CE64A00F4B917 /* Debug */,
				29B175242E5CE64A00F4B917 /* Release */,
			);
			defaultConfigurationIsVisible = 0;
			defaultConfigurationName = Release;
		};
/* End XCConfigurationList section */

/* Begin XCRemoteSwiftPackageReference section */
		29B175252E5CE75200F4B917 /* XCRemoteSwiftPackageReference "OpenAI" */ = {
			isa = XCRemoteSwiftPackageReference;
			repositoryURL = "https://github.com/MacPaw/OpenAI";
			requirement = {
				kind = upToNextMajorVersion;
				minimumVersion = 0.4.6;
			};
		};
		29B175262E5CE88100F4B917 /* XCRemoteSwiftPackageReference "firebase-ios-sdk" */ = {
			isa = XCRemoteSwiftPackageReference;
			repositoryURL = "https://github.com/firebase/firebase-ios-sdk";
			requirement = {
				kind = upToNextMajorVersion;
				minimumVersion = 12.1.0;
			};
		};
/* End XCRemoteSwiftPackageReference section */
	};
	rootObject = 29B174F22E5CE64900F4B917 /* Project object */;
}
